
Microsoft Visual Studio Solution File, Format Version 12.00
# Visual Studio Version 18
VisualStudioVersion = 18.1.11312.151 d18.0
MinimumVisualStudioVersion = 10.0.40219.1
Project("{FAE04EC0-301F-11D3-BF4B-00C04F79EFBC}") = "EventRegistrationAPI", "EventRegistrationAPI.csproj", "{A25ECCD9-42A9-29C2-653F-2C51C6095815}"
EndProject
Global
	GlobalSection(SolutionConfigurationPlatforms) = preSolution
		Debug|Any CPU = Debug|Any CPU
		Release|Any CPU = Release|Any CPU
	EndGlobalSection
	GlobalSection(ProjectConfigurationPlatforms) = postSolution
		{A25ECCD9-42A9-29C2-653F-2C51C6095815}.Debug|Any CPU.ActiveCfg = Debug|Any CPU
		{A25ECCD9-42A9-29C2-653F-2C51C6095815}.Debug|Any CPU.Build.0 = Debug|Any CPU
		{A25ECCD9-42A9-29C2-653F-2C51C6095815}.Release|Any CPU.ActiveCfg = Release|Any CPU
		{A25ECCD9-42A9-29C2-653F-2C51C6095815}.Release|Any CPU.Build.0 = Release|Any CPU
	EndGlobalSection
	GlobalSection(SolutionProperties) = preSolution
		HideSolutionNode = FALSE
	EndGlobalSection
	GlobalSection(ExtensibilityGlobals) = postSolution
		SolutionGuid = {2CB43C17-B41D-4499-8BBD-C86CFA5474CE}
	EndGlobalSection
EndGlobal
